
Microsoft Visual Studio Solution File, Format Version 12.00
# Visual Studio 15
VisualStudioVersion = 15.0.27130.2027
MinimumVisualStudioVersion = 10.0.40219.1
Project("{8BC9CEB8-8B4A-11D0-8D11-00A0C91BC942}") = "BRDFExample", "BRDFExample.vcxproj", "{742F717C-7354-423B-9E16-51625560199C}"
EndProject
Global
	GlobalSection(SolutionConfigurationPlatforms) = preSolution
		Debug|x64 = Debug|x64
		Debug|x86 = Debug|x86
		Release|x64 = Release|x64
		Release|x86 = Release|x86
	EndGlobalSection
	GlobalSection(ProjectConfigurationPlatforms) = postSolution
		{742F717C-7354-423B-9E16-51625560199C}.Debug|x64.ActiveCfg = Debug|x64
		{742F717C-7354-423B-9E16-51625560199C}.Debug|x64.Build.0 = Debug|x64
		{742F717C-7354-423B-9E16-51625560199C}.Debug|x86.ActiveCfg = Debug|Win32
		{742F717C-7354-423B-9E16-51625560199C}.Debug|x86.Build.0 = Debug|Win32
		{742F717C-7354-423B-9E16-51625560199C}.Release|x64.ActiveCfg = Release|x64
		{742F717C-7354-423B-9E16-51625560199C}.Release|x64.Build.0 = Release|x64
		{742F717C-7354-423B-9E16-51625560199C}.Release|x86.ActiveCfg = Release|Win32
		{742F717C-7354-423B-9E16-51625560199C}.Release|x86.Build.0 = Release|Win32
	EndGlobalSection
	GlobalSection(SolutionProperties) = preSolution
		HideSolutionNode = FALSE
	EndGlobalSection
	GlobalSection(ExtensibilityGlobals) = postSolution
		SolutionGuid = {EC6EED38-530E-4DC4-B108-31F86F8EBC13}
	EndGlobalSection
EndGlobal
